
Microsoft Visual Studio Solution File, Format Version 12.00
# Visual Studio Version 16
VisualStudioVersion = 16.0.31515.178
MinimumVisualStudioVersion = 10.0.40219.1
Project("{FAE04EC0-301F-11D3-BF4B-00C04F79EFBC}") = "FizzBuzz", "FizzBuzz\FizzBuzz.csproj", "{DB0AEDD0-C5C5-4743-96BD-35F1347F5BBC}"
EndProject
Global
	GlobalSection(SolutionConfigurationPlatforms) = preSolution
		Debug|Any CPU = Debug|Any CPU
		Release|Any CPU = Release|Any CPU
	EndGlobalSection
	GlobalSection(ProjectConfigurationPlatforms) = postSolution
		{DB0AEDD0-C5C5-4743-96BD-35F1347F5BBC}.Debug|Any CPU.ActiveCfg = Debug|Any CPU
		{DB0AEDD0-C5C5-4743-96BD-35F1347F5BBC}.Debug|Any CPU.Build.0 = Debug|Any CPU
		{DB0AEDD0-C5C5-4743-96BD-35F1347F5BBC}.Release|Any CPU.ActiveCfg = Release|Any CPU
		{DB0AEDD0-C5C5-4743-96BD-35F1347F5BBC}.Release|Any CPU.Build.0 = Release|Any CPU
	EndGlobalSection
	GlobalSection(SolutionProperties) = preSolution
		HideSolutionNode = FALSE
	EndGlobalSection
	GlobalSection(ExtensibilityGlobals) = postSolution
		SolutionGuid = {A1759388-3BD7-42E4-99C4-CB875A314E40}
	EndGlobalSection
EndGlobal
